
Microsoft Visual Studio Solution File, Format Version 12.00
# Visual Studio 15
VisualStudioVersion = 15.0.28307.168
MinimumVisualStudioVersion = 10.0.40219.1
Project("{9A19103F-16F7-4668-BE54-9A1E7A4F7556}") = "UrlShorteningWithLibrary", "UrlShorteningWithLibrary\UrlShorteningWithLibrary.csproj", "{56A9C25F-3824-4A79-82FE-FFF172544203}"
EndProject
Project("{9A19103F-16F7-4668-BE54-9A1E7A4F7556}") = "NUnitProject1", "NUnitTestProject1\NUnitProject1.csproj", "{A30F0B27-F204-4411-AD4C-FAA3074CC637}"
EndProject
Global
	GlobalSection(SolutionConfigurationPlatforms) = preSolution
		Debug|Any CPU = Debug|Any CPU
		Release|Any CPU = Release|Any CPU
	EndGlobalSection
	GlobalSection(ProjectConfigurationPlatforms) = postSolution
		{56A9C25F-3824-4A79-82FE-FFF172544203}.Debug|Any CPU.ActiveCfg = Debug|Any CPU
		{56A9C25F-3824-4A79-82FE-FFF172544203}.Debug|Any CPU.Build.0 = Debug|Any CPU
		{56A9C25F-3824-4A79-82FE-FFF172544203}.Release|Any CPU.ActiveCfg = Release|Any CPU
		{56A9C25F-3824-4A79-82FE-FFF172544203}.Release|Any CPU.Build.0 = Release|Any CPU
		{A30F0B27-F204-4411-AD4C-FAA3074CC637}.Debug|Any CPU.ActiveCfg = Debug|Any CPU
		{A30F0B27-F204-4411-AD4C-FAA3074CC637}.Debug|Any CPU.Build.0 = Debug|Any CPU
		{A30F0B27-F204-4411-AD4C-FAA3074CC637}.Release|Any CPU.ActiveCfg = Release|Any CPU
		{A30F0B27-F204-4411-AD4C-FAA3074CC637}.Release|Any CPU.Build.0 = Release|Any CPU
	EndGlobalSection
	GlobalSection(SolutionProperties) = preSolution
		HideSolutionNode = FALSE
	EndGlobalSection
	GlobalSection(ExtensibilityGlobals) = postSolution
		SolutionGuid = {2D0E6664-9A15-4AFA-B037-AF1B01BEAD61}
	EndGlobalSection
EndGlobal
